
Microsoft Visual Studio Solution File, Format Version 12.00
# Visual Studio Version 17
VisualStudioVersion = 17.7.34221.43
MinimumVisualStudioVersion = 10.0.40219.1
Project("{2150E333-8FDC-42A3-9474-1A3956D46DE8}") = "FrontEnd", "FrontEnd", "{FEBB0E87-FC4F-46BE-8733-5D9C88808401}"
EndProject
Project("{2150E333-8FDC-42A3-9474-1A3956D46DE8}") = "Gateway", "Gateway", "{34FF10F7-63A0-4DD1-A35F-C3D899CD27AB}"
EndProject
Project("{2150E333-8FDC-42A3-9474-1A3956D46DE8}") = "Integration", "Integration", "{010D7BB9-F996-4AA0-8158-0A98A2135D8D}"
EndProject
Project("{2150E333-8FDC-42A3-9474-1A3956D46DE8}") = "Services", "Services", "{02A4460B-4945-44B4-BC1A-9BCF2349E820}"
EndProject
Project("{9A19103F-16F7-4668-BE54-9A1E7A4F7556}") = "Coupon.Services.Api", "Coupon.Services.Api\Coupon.Services.Api.csproj", "{27740752-A962-4D75-B25B-A7C43B15451A}"
EndProject
Project("{9A19103F-16F7-4668-BE54-9A1E7A4F7556}") = "Polian.App", "Polian.App\Polian.App.csproj", "{AB4D044B-C265-4A16-BCAD-ECBA7A749353}"
EndProject
Project("{9A19103F-16F7-4668-BE54-9A1E7A4F7556}") = "Authentication.Service.api", "Coupon.Authentication.Service.api\Authentication.Service.api.csproj", "{EFFCF5FF-70A9-427E-B475-C112A62B45DC}"
EndProject
Project("{9A19103F-16F7-4668-BE54-9A1E7A4F7556}") = "Product.Services.Api", "Product.Api\Product.Services.Api.csproj", "{6CC00BA9-F3B9-4626-A10C-8C9BDB70DCAB}"
EndProject
Project("{9A19103F-16F7-4668-BE54-9A1E7A4F7556}") = "ShoppingCart.Services.Api", "ShoppingCart.Services.Api\ShoppingCart.Services.Api.csproj", "{9E36BD55-BC10-46CA-9F91-764C3C389F56}"
EndProject
Project("{9A19103F-16F7-4668-BE54-9A1E7A4F7556}") = "Order.Services.Api", "Order.Services.Api\Order.Services.Api.csproj", "{7660641C-9BD7-4A24-949F-4D287CCA123C}"
EndProject
Project("{9A19103F-16F7-4668-BE54-9A1E7A4F7556}") = "Polian.Gateway", "Polian.Gateway\Polian.Gateway.csproj", "{0EDE1DB0-5AE6-4288-A583-BC0B8B101723}"
EndProject
Project("{FAE04EC0-301F-11D3-BF4B-00C04F79EFBC}") = "Email.Services.Api", "Email.Services.Api\Email.Services.Api.csproj", "{B2751CBE-310F-44F2-95D6-6BACBC9189C9}"
EndProject
Global
	GlobalSection(SolutionConfigurationPlatforms) = preSolution
		Debug|Any CPU = Debug|Any CPU
		Release|Any CPU = Release|Any CPU
	EndGlobalSection
	GlobalSection(ProjectConfigurationPlatforms) = postSolution
		{27740752-A962-4D75-B25B-A7C43B15451A}.Debug|Any CPU.ActiveCfg = Debug|Any CPU
		{27740752-A962-4D75-B25B-A7C43B15451A}.Debug|Any CPU.Build.0 = Debug|Any CPU
		{27740752-A962-4D75-B25B-A7C43B15451A}.Release|Any CPU.ActiveCfg = Release|Any CPU
		{27740752-A962-4D75-B25B-A7C43B15451A}.Release|Any CPU.Build.0 = Release|Any CPU
		{AB4D044B-C265-4A16-BCAD-ECBA7A749353}.Debug|Any CPU.ActiveCfg = Debug|Any CPU
		{AB4D044B-C265-4A16-BCAD-ECBA7A749353}.Debug|Any CPU.Build.0 = Debug|Any CPU
		{AB4D044B-C265-4A16-BCAD-ECBA7A749353}.Release|Any CPU.ActiveCfg = Release|Any CPU
		{AB4D044B-C265-4A16-BCAD-ECBA7A749353}.Release|Any CPU.Build.0 = Release|Any CPU
		{EFFCF5FF-70A9-427E-B475-C112A62B45DC}.Debug|Any CPU.ActiveCfg = Debug|Any CPU
		{EFFCF5FF-70A9-427E-B475-C112A62B45DC}.Debug|Any CPU.Build.0 = Debug|Any CPU
		{EFFCF5FF-70A9-427E-B475-C112A62B45DC}.Release|Any CPU.ActiveCfg = Release|Any CPU
		{EFFCF5FF-70A9-427E-B475-C112A62B45DC}.Release|Any CPU.Build.0 = Release|Any CPU
		{6CC00BA9-F3B9-4626-A10C-8C9BDB70DCAB}.Debug|Any CPU.ActiveCfg = Debug|Any CPU
		{6CC00BA9-F3B9-4626-A10C-8C9BDB70DCAB}.Debug|Any CPU.Build.0 = Debug|Any CPU
		{6CC00BA9-F3B9-4626-A10C-8C9BDB70DCAB}.Release|Any CPU.ActiveCfg = Release|Any CPU
		{6CC00BA9-F3B9-4626-A10C-8C9BDB70DCAB}.Release|Any CPU.Build.0 = Release|Any CPU
		{9E36BD55-BC10-46CA-9F91-764C3C389F56}.Debug|Any CPU.ActiveCfg = Debug|Any CPU
		{9E36BD55-BC10-46CA-9F91-764C3C389F56}.Debug|Any CPU.Build.0 = Debug|Any CPU
		{9E36BD55-BC10-46CA-9F91-764C3C389F56}.Release|Any CPU.ActiveCfg = Release|Any CPU
		{9E36BD55-BC10-46CA-9F91-764C3C389F56}.Release|Any CPU.Build.0 = Release|Any CPU
		{7660641C-9BD7-4A24-949F-4D287CCA123C}.Debug|Any CPU.ActiveCfg = Debug|Any CPU
		{7660641C-9BD7-4A24-949F-4D287CCA123C}.Debug|Any CPU.Build.0 = Debug|Any CPU
		{7660641C-9BD7-4A24-949F-4D287CCA123C}.Release|Any CPU.ActiveCfg = Release|Any CPU
		{7660641C-9BD7-4A24-949F-4D287CCA123C}.Release|Any CPU.Build.0 = Release|Any CPU
		{0EDE1DB0-5AE6-4288-A583-BC0B8B101723}.Debug|Any CPU.ActiveCfg = Debug|Any CPU
		{0EDE1DB0-5AE6-4288-A583-BC0B8B101723}.Debug|Any CPU.Build.0 = Debug|Any CPU
		{0EDE1DB0-5AE6-4288-A583-BC0B8B101723}.Release|Any CPU.ActiveCfg = Release|Any CPU
		{0EDE1DB0-5AE6-4288-A583-BC0B8B101723}.Release|Any CPU.Build.0 = Release|Any CPU
		{B2751CBE-310F-44F2-95D6-6BACBC9189C9}.Debug|Any CPU.ActiveCfg = Debug|Any CPU
		{B2751CBE-310F-44F2-95D6-6BACBC9189C9}.Debug|Any CPU.Build.0 = Debug|Any CPU
		{B2751CBE-310F-44F2-95D6-6BACBC9189C9}.Release|Any CPU.ActiveCfg = Release|Any CPU
		{B2751CBE-310F-44F2-95D6-6BACBC9189C9}.Release|Any CPU.Build.0 = Release|Any CPU
	EndGlobalSection
	GlobalSection(SolutionProperties) = preSolution
		HideSolutionNode = FALSE
	EndGlobalSection
	GlobalSection(NestedProjects) = preSolution
		{27740752-A962-4D75-B25B-A7C43B15451A} = {02A4460B-4945-44B4-BC1A-9BCF2349E820}
		{AB4D044B-C265-4A16-BCAD-ECBA7A749353} = {FEBB0E87-FC4F-46BE-8733-5D9C88808401}
		{EFFCF5FF-70A9-427E-B475-C112A62B45DC} = {02A4460B-4945-44B4-BC1A-9BCF2349E820}
		{6CC00BA9-F3B9-4626-A10C-8C9BDB70DCAB} = {02A4460B-4945-44B4-BC1A-9BCF2349E820}
		{9E36BD55-BC10-46CA-9F91-764C3C389F56} = {02A4460B-4945-44B4-BC1A-9BCF2349E820}
		{7660641C-9BD7-4A24-949F-4D287CCA123C} = {02A4460B-4945-44B4-BC1A-9BCF2349E820}
		{0EDE1DB0-5AE6-4288-A583-BC0B8B101723} = {34FF10F7-63A0-4DD1-A35F-C3D899CD27AB}
		{B2751CBE-310F-44F2-95D6-6BACBC9189C9} = {02A4460B-4945-44B4-BC1A-9BCF2349E820}
	EndGlobalSection
	GlobalSection(ExtensibilityGlobals) = postSolution
		SolutionGuid = {320BE5C6-3532-434B-A22A-6C7997930542}
	EndGlobalSection
EndGlobal
